
Microsoft Visual Studio Solution File, Format Version 12.00
# Visual Studio 2013
VisualStudioVersion = 12.0.31101.0
MinimumVisualStudioVersion = 10.0.40219.1
Project("{2150E333-8FDC-42A3-9474-1A3956D46DE8}") = "Base", "Base", "{BA6C5816-47A5-4265-B9C7-C911B0F9A08E}"
EndProject
Project("{2150E333-8FDC-42A3-9474-1A3956D46DE8}") = "EM", "EM", "{1329C625-51A5-43A7-AAF2-2553306EA83F}"
EndProject
Project("{FAE04EC0-301F-11D3-BF4B-00C04F79EFBC}") = "EventManager", "EM\EventManager\EventManager.csproj", "{0DC1E398-5CEA-4997-A8C2-30C415A406CC}"
	ProjectSection(ProjectDependencies) = postProject
		{7EC7EA66-8E3E-43C2-9DAB-C40D2AAAF690} = {7EC7EA66-8E3E-43C2-9DAB-C40D2AAAF690}
		{FA26AE76-8421-406F-B818-8261E519E6C8} = {FA26AE76-8421-406F-B818-8261E519E6C8}
		{3EB902B1-586F-4712-B7BA-BEB7C2EEF4F5} = {3EB902B1-586F-4712-B7BA-BEB7C2EEF4F5}
	EndProjectSection
EndProject
Project("{FAE04EC0-301F-11D3-BF4B-00C04F79EFBC}") = "Base_Tools45", "Base\Base_Tools45\Base_Tools45\Base_Tools45.csproj", "{FA26AE76-8421-406F-B818-8261E519E6C8}"
EndProject
Project("{F184B08F-C81C-45F6-A57F-5ABD9991F28F}") = "Base_VB", "Base\Base_VB\Base_VB\Base_VB.vbproj", "{3EB902B1-586F-4712-B7BA-BEB7C2EEF4F5}"
EndProject
Project("{FAE04EC0-301F-11D3-BF4B-00C04F79EFBC}") = "CMDS", "CMDS\CMDS.csproj", "{7EC7EA66-8E3E-43C2-9DAB-C40D2AAAF690}"
	ProjectSection(ProjectDependencies) = postProject
		{FA26AE76-8421-406F-B818-8261E519E6C8} = {FA26AE76-8421-406F-B818-8261E519E6C8}
		{3EB902B1-586F-4712-B7BA-BEB7C2EEF4F5} = {3EB902B1-586F-4712-B7BA-BEB7C2EEF4F5}
	EndProjectSection
EndProject
Global
	GlobalSection(SolutionConfigurationPlatforms) = preSolution
		Debug|Any CPU = Debug|Any CPU
		Debug|x64 = Debug|x64
		Debug|x86 = Debug|x86
		Deploy|Any CPU = Deploy|Any CPU
		Deploy|x64 = Deploy|x64
		Deploy|x86 = Deploy|x86
		Release|Any CPU = Release|Any CPU
		Release|x64 = Release|x64
		Release|x86 = Release|x86
	EndGlobalSection
	GlobalSection(ProjectConfigurationPlatforms) = postSolution
		{0DC1E398-5CEA-4997-A8C2-30C415A406CC}.Debug|Any CPU.ActiveCfg = Debug|Any CPU
		{0DC1E398-5CEA-4997-A8C2-30C415A406CC}.Debug|Any CPU.Build.0 = Debug|Any CPU
		{0DC1E398-5CEA-4997-A8C2-30C415A406CC}.Debug|x64.ActiveCfg = Debug|x64
		{0DC1E398-5CEA-4997-A8C2-30C415A406CC}.Debug|x64.Build.0 = Debug|x64
		{0DC1E398-5CEA-4997-A8C2-30C415A406CC}.Debug|x86.ActiveCfg = Debug|x86
		{0DC1E398-5CEA-4997-A8C2-30C415A406CC}.Debug|x86.Build.0 = Debug|x86
		{0DC1E398-5CEA-4997-A8C2-30C415A406CC}.Deploy|Any CPU.ActiveCfg = Debug|Any CPU
		{0DC1E398-5CEA-4997-A8C2-30C415A406CC}.Deploy|Any CPU.Build.0 = Debug|Any CPU
		{0DC1E398-5CEA-4997-A8C2-30C415A406CC}.Deploy|x64.ActiveCfg = Debug|x64
		{0DC1E398-5CEA-4997-A8C2-30C415A406CC}.Deploy|x64.Build.0 = Debug|x64
		{0DC1E398-5CEA-4997-A8C2-30C415A406CC}.Deploy|x86.ActiveCfg = Debug|x86
		{0DC1E398-5CEA-4997-A8C2-30C415A406CC}.Deploy|x86.Build.0 = Debug|x86
		{0DC1E398-5CEA-4997-A8C2-30C415A406CC}.Release|Any CPU.ActiveCfg = Release|Any CPU
		{0DC1E398-5CEA-4997-A8C2-30C415A406CC}.Release|Any CPU.Build.0 = Release|Any CPU
		{0DC1E398-5CEA-4997-A8C2-30C415A406CC}.Release|x64.ActiveCfg = Release|x64
		{0DC1E398-5CEA-4997-A8C2-30C415A406CC}.Release|x64.Build.0 = Release|x64
		{0DC1E398-5CEA-4997-A8C2-30C415A406CC}.Release|x86.ActiveCfg = Release|x86
		{0DC1E398-5CEA-4997-A8C2-30C415A406CC}.Release|x86.Build.0 = Release|x86
		{FA26AE76-8421-406F-B818-8261E519E6C8}.Debug|Any CPU.ActiveCfg = Debug|Any CPU
		{FA26AE76-8421-406F-B818-8261E519E6C8}.Debug|Any CPU.Build.0 = Debug|Any CPU
		{FA26AE76-8421-406F-B818-8261E519E6C8}.Debug|x64.ActiveCfg = Debug|x64
		{FA26AE76-8421-406F-B818-8261E519E6C8}.Debug|x64.Build.0 = Debug|x64
		{FA26AE76-8421-406F-B818-8261E519E6C8}.Debug|x86.ActiveCfg = Debug|x86
		{FA26AE76-8421-406F-B818-8261E519E6C8}.Debug|x86.Build.0 = Debug|x86
		{FA26AE76-8421-406F-B818-8261E519E6C8}.Deploy|Any CPU.ActiveCfg = Deploy|Any CPU
		{FA26AE76-8421-406F-B818-8261E519E6C8}.Deploy|Any CPU.Build.0 = Deploy|Any CPU
		{FA26AE76-8421-406F-B818-8261E519E6C8}.Deploy|x64.ActiveCfg = Deploy|x64
		{FA26AE76-8421-406F-B818-8261E519E6C8}.Deploy|x64.Build.0 = Deploy|x64
		{FA26AE76-8421-406F-B818-8261E519E6C8}.Deploy|x86.ActiveCfg = Deploy|x86
		{FA26AE76-8421-406F-B818-8261E519E6C8}.Deploy|x86.Build.0 = Deploy|x86
		{FA26AE76-8421-406F-B818-8261E519E6C8}.Release|Any CPU.ActiveCfg = Release|Any CPU
		{FA26AE76-8421-406F-B818-8261E519E6C8}.Release|Any CPU.Build.0 = Release|Any CPU
		{FA26AE76-8421-406F-B818-8261E519E6C8}.Release|x64.ActiveCfg = Release|x64
		{FA26AE76-8421-406F-B818-8261E519E6C8}.Release|x64.Build.0 = Release|x64
		{FA26AE76-8421-406F-B818-8261E519E6C8}.Release|x86.ActiveCfg = Release|x86
		{FA26AE76-8421-406F-B818-8261E519E6C8}.Release|x86.Build.0 = Release|x86
		{3EB902B1-586F-4712-B7BA-BEB7C2EEF4F5}.Debug|Any CPU.ActiveCfg = Debug|Any CPU
		{3EB902B1-586F-4712-B7BA-BEB7C2EEF4F5}.Debug|Any CPU.Build.0 = Debug|Any CPU
		{3EB902B1-586F-4712-B7BA-BEB7C2EEF4F5}.Debug|x64.ActiveCfg = Debug|x64
		{3EB902B1-586F-4712-B7BA-BEB7C2EEF4F5}.Debug|x64.Build.0 = Debug|x64
		{3EB902B1-586F-4712-B7BA-BEB7C2EEF4F5}.Debug|x86.ActiveCfg = Debug|x86
		{3EB902B1-586F-4712-B7BA-BEB7C2EEF4F5}.Debug|x86.Build.0 = Debug|x86
		{3EB902B1-586F-4712-B7BA-BEB7C2EEF4F5}.Deploy|Any CPU.ActiveCfg = Deploy|Any CPU
		{3EB902B1-586F-4712-B7BA-BEB7C2EEF4F5}.Deploy|Any CPU.Build.0 = Deploy|Any CPU
		{3EB902B1-586F-4712-B7BA-BEB7C2EEF4F5}.Deploy|x64.ActiveCfg = Deploy|x64
		{3EB902B1-586F-4712-B7BA-BEB7C2EEF4F5}.Deploy|x64.Build.0 = Deploy|x64
		{3EB902B1-586F-4712-B7BA-BEB7C2EEF4F5}.Deploy|x86.ActiveCfg = Deploy|x86
		{3EB902B1-586F-4712-B7BA-BEB7C2EEF4F5}.Deploy|x86.Build.0 = Deploy|x86
		{3EB902B1-586F-4712-B7BA-BEB7C2EEF4F5}.Release|Any CPU.ActiveCfg = Release|Any CPU
		{3EB902B1-586F-4712-B7BA-BEB7C2EEF4F5}.Release|Any CPU.Build.0 = Release|Any CPU
		{3EB902B1-586F-4712-B7BA-BEB7C2EEF4F5}.Release|x64.ActiveCfg = Release|x64
		{3EB902B1-586F-4712-B7BA-BEB7C2EEF4F5}.Release|x64.Build.0 = Release|x64
		{3EB902B1-586F-4712-B7BA-BEB7C2EEF4F5}.Release|x86.ActiveCfg = Release|x86
		{3EB902B1-586F-4712-B7BA-BEB7C2EEF4F5}.Release|x86.Build.0 = Release|x86
		{7EC7EA66-8E3E-43C2-9DAB-C40D2AAAF690}.Debug|Any CPU.ActiveCfg = Debug|Any CPU
		{7EC7EA66-8E3E-43C2-9DAB-C40D2AAAF690}.Debug|Any CPU.Build.0 = Debug|Any CPU
		{7EC7EA66-8E3E-43C2-9DAB-C40D2AAAF690}.Debug|x64.ActiveCfg = Debug|Any CPU
		{7EC7EA66-8E3E-43C2-9DAB-C40D2AAAF690}.Debug|x86.ActiveCfg = Debug|Any CPU
		{7EC7EA66-8E3E-43C2-9DAB-C40D2AAAF690}.Deploy|Any CPU.ActiveCfg = Debug|Any CPU
		{7EC7EA66-8E3E-43C2-9DAB-C40D2AAAF690}.Deploy|Any CPU.Build.0 = Debug|Any CPU
		{7EC7EA66-8E3E-43C2-9DAB-C40D2AAAF690}.Deploy|x64.ActiveCfg = Debug|Any CPU
		{7EC7EA66-8E3E-43C2-9DAB-C40D2AAAF690}.Deploy|x86.ActiveCfg = Debug|Any CPU
		{7EC7EA66-8E3E-43C2-9DAB-C40D2AAAF690}.Release|Any CPU.ActiveCfg = Release|Any CPU
		{7EC7EA66-8E3E-43C2-9DAB-C40D2AAAF690}.Release|Any CPU.Build.0 = Release|Any CPU
		{7EC7EA66-8E3E-43C2-9DAB-C40D2AAAF690}.Release|x64.ActiveCfg = Release|Any CPU
		{7EC7EA66-8E3E-43C2-9DAB-C40D2AAAF690}.Release|x86.ActiveCfg = Release|Any CPU
	EndGlobalSection
	GlobalSection(SolutionProperties) = preSolution
		HideSolutionNode = FALSE
	EndGlobalSection
	GlobalSection(NestedProjects) = preSolution
		{0DC1E398-5CEA-4997-A8C2-30C415A406CC} = {1329C625-51A5-43A7-AAF2-2553306EA83F}
		{FA26AE76-8421-406F-B818-8261E519E6C8} = {BA6C5816-47A5-4265-B9C7-C911B0F9A08E}
		{3EB902B1-586F-4712-B7BA-BEB7C2EEF4F5} = {BA6C5816-47A5-4265-B9C7-C911B0F9A08E}
	EndGlobalSection
EndGlobal
