
Microsoft Visual Studio Solution File, Format Version 12.00
# Visual Studio 2013
VisualStudioVersion = 12.0.31101.0
MinimumVisualStudioVersion = 10.0.40219.1
Project("{FAE04EC0-301F-11D3-BF4B-00C04F79EFBC}") = "EventManager", "EventManager\EventManager.csproj", "{0DC1E398-5CEA-4997-A8C2-30C415A406CC}"
	ProjectSection(ProjectDependencies) = postProject
		{ECB02F1E-2CB5-4620-B4D9-74CAEEF0E1EA} = {ECB02F1E-2CB5-4620-B4D9-74CAEEF0E1EA}
		{3D8B8E45-EF5D-4FCB-A124-2C48BF3B74D3} = {3D8B8E45-EF5D-4FCB-A124-2C48BF3B74D3}
		{D6C3C14D-C22C-487E-B3D1-3594BF329773} = {D6C3C14D-C22C-487E-B3D1-3594BF329773}
		{2F888C51-5A37-4841-ACE5-C3B6D038A4B2} = {2F888C51-5A37-4841-ACE5-C3B6D038A4B2}
		{C3FE5354-C56A-49A9-94E8-060C1E82E426} = {C3FE5354-C56A-49A9-94E8-060C1E82E426}
		{D7084A5C-4618-4331-8CF8-93BF09EEE1A2} = {D7084A5C-4618-4331-8CF8-93BF09EEE1A2}
		{DA83255F-E84C-46F5-B701-52D4A34E5B34} = {DA83255F-E84C-46F5-B701-52D4A34E5B34}
		{FA26AE76-8421-406F-B818-8261E519E6C8} = {FA26AE76-8421-406F-B818-8261E519E6C8}
		{419FBA7E-F1FD-4F20-8E71-67A3A6E3CF2E} = {419FBA7E-F1FD-4F20-8E71-67A3A6E3CF2E}
		{A6F4F795-A711-47F4-85B4-CAE9422AB998} = {A6F4F795-A711-47F4-85B4-CAE9422AB998}
		{A52DFB9F-4492-4E54-9CA3-50744EAA4A50} = {A52DFB9F-4492-4E54-9CA3-50744EAA4A50}
		{A27E5CBA-A2C4-406A-847F-3A80BC5C12B8} = {A27E5CBA-A2C4-406A-847F-3A80BC5C12B8}
		{086F95C7-96E0-417F-8D55-D36A1B182D77} = {086F95C7-96E0-417F-8D55-D36A1B182D77}
		{8AEDB8ED-BB0F-4256-99D1-C442D1D68D95} = {8AEDB8ED-BB0F-4256-99D1-C442D1D68D95}
		{DA6D41EF-3DB8-49E7-951B-9DCEDF72C7E2} = {DA6D41EF-3DB8-49E7-951B-9DCEDF72C7E2}
	EndProjectSection
EndProject
Project("{FAE04EC0-301F-11D3-BF4B-00C04F79EFBC}") = "DimPL", "..\DimPL\DimPL\DimPL.csproj", "{A6F4F795-A711-47F4-85B4-CAE9422AB998}"
	ProjectSection(ProjectDependencies) = postProject
		{FA26AE76-8421-406F-B818-8261E519E6C8} = {FA26AE76-8421-406F-B818-8261E519E6C8}
	EndProjectSection
EndProject
Project("{FAE04EC0-301F-11D3-BF4B-00C04F79EFBC}") = "Base_Tools45", "..\BASE45\Base_Tools45\Base_Tools45\Base_Tools45.csproj", "{FA26AE76-8421-406F-B818-8261E519E6C8}"
EndProject
Project("{FAE04EC0-301F-11D3-BF4B-00C04F79EFBC}") = "ConvertToXData", "..\ConvertToXData\ConvertToXData\ConvertToXData.csproj", "{8AEDB8ED-BB0F-4256-99D1-C442D1D68D95}"
	ProjectSection(ProjectDependencies) = postProject
		{FA26AE76-8421-406F-B818-8261E519E6C8} = {FA26AE76-8421-406F-B818-8261E519E6C8}
		{A52DFB9F-4492-4E54-9CA3-50744EAA4A50} = {A52DFB9F-4492-4E54-9CA3-50744EAA4A50}
		{DA6D41EF-3DB8-49E7-951B-9DCEDF72C7E2} = {DA6D41EF-3DB8-49E7-951B-9DCEDF72C7E2}
	EndProjectSection
EndProject
Project("{FAE04EC0-301F-11D3-BF4B-00C04F79EFBC}") = "Base_Com", "..\BASE45\Base_Com\Base_Com\Base_Com.csproj", "{35F91EF3-A6DE-4BBF-B917-29EF4E0FA8E8}"
	ProjectSection(ProjectDependencies) = postProject
		{FA26AE76-8421-406F-B818-8261E519E6C8} = {FA26AE76-8421-406F-B818-8261E519E6C8}
	EndProjectSection
EndProject
Project("{F184B08F-C81C-45F6-A57F-5ABD9991F28F}") = "Base_VB", "..\BASE45\Base_VB\Base_VB\Base_VB.vbproj", "{3EB902B1-586F-4712-B7BA-BEB7C2EEF4F5}"
	ProjectSection(ProjectDependencies) = postProject
		{FA26AE76-8421-406F-B818-8261E519E6C8} = {FA26AE76-8421-406F-B818-8261E519E6C8}
		{35F91EF3-A6DE-4BBF-B917-29EF4E0FA8E8} = {35F91EF3-A6DE-4BBF-B917-29EF4E0FA8E8}
	EndProjectSection
EndProject
Project("{FAE04EC0-301F-11D3-BF4B-00C04F79EFBC}") = "LabelContours", "..\LabelContours\LabelContours.csproj", "{6BE4C249-16A0-4E03-ACE5-03C311D4EF66}"
EndProject
Project("{FAE04EC0-301F-11D3-BF4B-00C04F79EFBC}") = "ProcessFigures", "..\ProcessFigures\ProcessFigures\ProcessFigures.csproj", "{71ACB5E7-F796-4015-8D91-3D3DDEE29A92}"
	ProjectSection(ProjectDependencies) = postProject
		{FA26AE76-8421-406F-B818-8261E519E6C8} = {FA26AE76-8421-406F-B818-8261E519E6C8}
	EndProjectSection
EndProject
Project("{FAE04EC0-301F-11D3-BF4B-00C04F79EFBC}") = "ProcessPointFile", "..\ProcessPointFile\ProcessPointFile.csproj", "{3A2DCC0F-7748-47F8-9420-451C6738C33C}"
	ProjectSection(ProjectDependencies) = postProject
		{FA26AE76-8421-406F-B818-8261E519E6C8} = {FA26AE76-8421-406F-B818-8261E519E6C8}
		{35F91EF3-A6DE-4BBF-B917-29EF4E0FA8E8} = {35F91EF3-A6DE-4BBF-B917-29EF4E0FA8E8}
	EndProjectSection
EndProject
Project("{FAE04EC0-301F-11D3-BF4B-00C04F79EFBC}") = "UserCommandStats", "..\UserCommandStats\UserCommandStats\UserCommandStats.csproj", "{419FBA7E-F1FD-4F20-8E71-67A3A6E3CF2E}"
	ProjectSection(ProjectDependencies) = postProject
		{2F888C51-5A37-4841-ACE5-C3B6D038A4B2} = {2F888C51-5A37-4841-ACE5-C3B6D038A4B2}
	EndProjectSection
EndProject
Project("{FAE04EC0-301F-11D3-BF4B-00C04F79EFBC}") = "Base_Office", "..\Base_Office\Base_Office.csproj", "{2F888C51-5A37-4841-ACE5-C3B6D038A4B2}"
EndProject
Project("{FAE04EC0-301F-11D3-BF4B-00C04F79EFBC}") = "WSP", "..\WSP\WSP.csproj", "{086F95C7-96E0-417F-8D55-D36A1B182D77}"
EndProject
Project("{FAE04EC0-301F-11D3-BF4B-00C04F79EFBC}") = "Survey", "Survey\Survey.csproj", "{DA83255F-E84C-46F5-B701-52D4A34E5B34}"
	ProjectSection(ProjectDependencies) = postProject
		{FA26AE76-8421-406F-B818-8261E519E6C8} = {FA26AE76-8421-406F-B818-8261E519E6C8}
	EndProjectSection
EndProject
Project("{FAE04EC0-301F-11D3-BF4B-00C04F79EFBC}") = "fixGradeTagLinks", "..\fixGradeTagLinks\fixGradeTagLinks\fixGradeTagLinks.csproj", "{A27E5CBA-A2C4-406A-847F-3A80BC5C12B8}"
	ProjectSection(ProjectDependencies) = postProject
		{FA26AE76-8421-406F-B818-8261E519E6C8} = {FA26AE76-8421-406F-B818-8261E519E6C8}
	EndProjectSection
EndProject
Project("{FAE04EC0-301F-11D3-BF4B-00C04F79EFBC}") = "Bubble", "..\Bubble\Bubble\Bubble.csproj", "{A52DFB9F-4492-4E54-9CA3-50744EAA4A50}"
	ProjectSection(ProjectDependencies) = postProject
		{FA26AE76-8421-406F-B818-8261E519E6C8} = {FA26AE76-8421-406F-B818-8261E519E6C8}
	EndProjectSection
EndProject
Project("{FAE04EC0-301F-11D3-BF4B-00C04F79EFBC}") = "LdrText", "..\LdrText\LdrText\LdrText.csproj", "{DA6D41EF-3DB8-49E7-951B-9DCEDF72C7E2}"
	ProjectSection(ProjectDependencies) = postProject
		{FA26AE76-8421-406F-B818-8261E519E6C8} = {FA26AE76-8421-406F-B818-8261E519E6C8}
	EndProjectSection
EndProject
Project("{FAE04EC0-301F-11D3-BF4B-00C04F79EFBC}") = "Grading", "..\Grading\Grading\Grading.csproj", "{C3FE5354-C56A-49A9-94E8-060C1E82E426}"
	ProjectSection(ProjectDependencies) = postProject
		{ECB02F1E-2CB5-4620-B4D9-74CAEEF0E1EA} = {ECB02F1E-2CB5-4620-B4D9-74CAEEF0E1EA}
		{A52DFB9F-4492-4E54-9CA3-50744EAA4A50} = {A52DFB9F-4492-4E54-9CA3-50744EAA4A50}
		{3EB902B1-586F-4712-B7BA-BEB7C2EEF4F5} = {3EB902B1-586F-4712-B7BA-BEB7C2EEF4F5}
		{DA6D41EF-3DB8-49E7-951B-9DCEDF72C7E2} = {DA6D41EF-3DB8-49E7-951B-9DCEDF72C7E2}
	EndProjectSection
EndProject
Project("{F184B08F-C81C-45F6-A57F-5ABD9991F28F}") = "WALL", "..\WALL\WALL.vbproj", "{D7084A5C-4618-4331-8CF8-93BF09EEE1A2}"
	ProjectSection(ProjectDependencies) = postProject
		{FA26AE76-8421-406F-B818-8261E519E6C8} = {FA26AE76-8421-406F-B818-8261E519E6C8}
	EndProjectSection
EndProject
Project("{FAE04EC0-301F-11D3-BF4B-00C04F79EFBC}") = "MNP", "MNP\MNP\MNP.csproj", "{ECB02F1E-2CB5-4620-B4D9-74CAEEF0E1EA}"
	ProjectSection(ProjectDependencies) = postProject
		{FA26AE76-8421-406F-B818-8261E519E6C8} = {FA26AE76-8421-406F-B818-8261E519E6C8}
	EndProjectSection
EndProject
Project("{FAE04EC0-301F-11D3-BF4B-00C04F79EFBC}") = "Stake", "Stake\Stake.csproj", "{D6C3C14D-C22C-487E-B3D1-3594BF329773}"
	ProjectSection(ProjectDependencies) = postProject
		{2F888C51-5A37-4841-ACE5-C3B6D038A4B2} = {2F888C51-5A37-4841-ACE5-C3B6D038A4B2}
		{D7084A5C-4618-4331-8CF8-93BF09EEE1A2} = {D7084A5C-4618-4331-8CF8-93BF09EEE1A2}
		{FA26AE76-8421-406F-B818-8261E519E6C8} = {FA26AE76-8421-406F-B818-8261E519E6C8}
		{3EB902B1-586F-4712-B7BA-BEB7C2EEF4F5} = {3EB902B1-586F-4712-B7BA-BEB7C2EEF4F5}
	EndProjectSection
EndProject
Project("{FAE04EC0-301F-11D3-BF4B-00C04F79EFBC}") = "Cout", "Cout\Cout.csproj", "{3D8B8E45-EF5D-4FCB-A124-2C48BF3B74D3}"
	ProjectSection(ProjectDependencies) = postProject
		{FA26AE76-8421-406F-B818-8261E519E6C8} = {FA26AE76-8421-406F-B818-8261E519E6C8}
	EndProjectSection
EndProject
Project("{FAE04EC0-301F-11D3-BF4B-00C04F79EFBC}") = "toolTips", "..\toolTips\toolTips\toolTips.csproj", "{0AFDF43D-D0D9-43B5-A3AD-8B9A9E936695}"
	ProjectSection(ProjectDependencies) = postProject
		{FA26AE76-8421-406F-B818-8261E519E6C8} = {FA26AE76-8421-406F-B818-8261E519E6C8}
	EndProjectSection
EndProject
Global
	GlobalSection(SolutionConfigurationPlatforms) = preSolution
		Debug|Any CPU = Debug|Any CPU
		Debug|Mixed Platforms = Debug|Mixed Platforms
		Debug|x64 = Debug|x64
		Debug|x86 = Debug|x86
		Release|Any CPU = Release|Any CPU
		Release|Mixed Platforms = Release|Mixed Platforms
		Release|x64 = Release|x64
		Release|x86 = Release|x86
	EndGlobalSection
	GlobalSection(ProjectConfigurationPlatforms) = postSolution
		{0DC1E398-5CEA-4997-A8C2-30C415A406CC}.Debug|Any CPU.ActiveCfg = Debug|Any CPU
		{0DC1E398-5CEA-4997-A8C2-30C415A406CC}.Debug|Any CPU.Build.0 = Debug|Any CPU
		{0DC1E398-5CEA-4997-A8C2-30C415A406CC}.Debug|Mixed Platforms.ActiveCfg = Debug|Any CPU
		{0DC1E398-5CEA-4997-A8C2-30C415A406CC}.Debug|Mixed Platforms.Build.0 = Debug|Any CPU
		{0DC1E398-5CEA-4997-A8C2-30C415A406CC}.Debug|x64.ActiveCfg = Debug|x64
		{0DC1E398-5CEA-4997-A8C2-30C415A406CC}.Debug|x64.Build.0 = Debug|x64
		{0DC1E398-5CEA-4997-A8C2-30C415A406CC}.Debug|x86.ActiveCfg = Debug|x86
		{0DC1E398-5CEA-4997-A8C2-30C415A406CC}.Debug|x86.Build.0 = Debug|x86
		{0DC1E398-5CEA-4997-A8C2-30C415A406CC}.Release|Any CPU.ActiveCfg = Release|Any CPU
		{0DC1E398-5CEA-4997-A8C2-30C415A406CC}.Release|Any CPU.Build.0 = Release|Any CPU
		{0DC1E398-5CEA-4997-A8C2-30C415A406CC}.Release|Mixed Platforms.ActiveCfg = Release|Any CPU
		{0DC1E398-5CEA-4997-A8C2-30C415A406CC}.Release|Mixed Platforms.Build.0 = Release|Any CPU
		{0DC1E398-5CEA-4997-A8C2-30C415A406CC}.Release|x64.ActiveCfg = Release|x64
		{0DC1E398-5CEA-4997-A8C2-30C415A406CC}.Release|x64.Build.0 = Release|x64
		{0DC1E398-5CEA-4997-A8C2-30C415A406CC}.Release|x86.ActiveCfg = Release|x86
		{0DC1E398-5CEA-4997-A8C2-30C415A406CC}.Release|x86.Build.0 = Release|x86
		{A6F4F795-A711-47F4-85B4-CAE9422AB998}.Debug|Any CPU.ActiveCfg = Debug|Any CPU
		{A6F4F795-A711-47F4-85B4-CAE9422AB998}.Debug|Any CPU.Build.0 = Debug|Any CPU
		{A6F4F795-A711-47F4-85B4-CAE9422AB998}.Debug|Mixed Platforms.ActiveCfg = Debug|Any CPU
		{A6F4F795-A711-47F4-85B4-CAE9422AB998}.Debug|Mixed Platforms.Build.0 = Debug|Any CPU
		{A6F4F795-A711-47F4-85B4-CAE9422AB998}.Debug|x64.ActiveCfg = Debug|x64
		{A6F4F795-A711-47F4-85B4-CAE9422AB998}.Debug|x64.Build.0 = Debug|x64
		{A6F4F795-A711-47F4-85B4-CAE9422AB998}.Debug|x86.ActiveCfg = Debug|x86
		{A6F4F795-A711-47F4-85B4-CAE9422AB998}.Debug|x86.Build.0 = Debug|x86
		{A6F4F795-A711-47F4-85B4-CAE9422AB998}.Release|Any CPU.ActiveCfg = Release|Any CPU
		{A6F4F795-A711-47F4-85B4-CAE9422AB998}.Release|Any CPU.Build.0 = Release|Any CPU
		{A6F4F795-A711-47F4-85B4-CAE9422AB998}.Release|Mixed Platforms.ActiveCfg = Release|Any CPU
		{A6F4F795-A711-47F4-85B4-CAE9422AB998}.Release|Mixed Platforms.Build.0 = Release|Any CPU
		{A6F4F795-A711-47F4-85B4-CAE9422AB998}.Release|x64.ActiveCfg = Release|x64
		{A6F4F795-A711-47F4-85B4-CAE9422AB998}.Release|x64.Build.0 = Release|x64
		{A6F4F795-A711-47F4-85B4-CAE9422AB998}.Release|x86.ActiveCfg = Release|x86
		{A6F4F795-A711-47F4-85B4-CAE9422AB998}.Release|x86.Build.0 = Release|x86
		{FA26AE76-8421-406F-B818-8261E519E6C8}.Debug|Any CPU.ActiveCfg = Debug|Any CPU
		{FA26AE76-8421-406F-B818-8261E519E6C8}.Debug|Any CPU.Build.0 = Debug|Any CPU
		{FA26AE76-8421-406F-B818-8261E519E6C8}.Debug|Mixed Platforms.ActiveCfg = Debug|Any CPU
		{FA26AE76-8421-406F-B818-8261E519E6C8}.Debug|Mixed Platforms.Build.0 = Debug|Any CPU
		{FA26AE76-8421-406F-B818-8261E519E6C8}.Debug|x64.ActiveCfg = Debug|x64
		{FA26AE76-8421-406F-B818-8261E519E6C8}.Debug|x64.Build.0 = Debug|x64
		{FA26AE76-8421-406F-B818-8261E519E6C8}.Debug|x86.ActiveCfg = Debug|x86
		{FA26AE76-8421-406F-B818-8261E519E6C8}.Debug|x86.Build.0 = Debug|x86
		{FA26AE76-8421-406F-B818-8261E519E6C8}.Release|Any CPU.ActiveCfg = Release|Any CPU
		{FA26AE76-8421-406F-B818-8261E519E6C8}.Release|Any CPU.Build.0 = Release|Any CPU
		{FA26AE76-8421-406F-B818-8261E519E6C8}.Release|Mixed Platforms.ActiveCfg = Release|Any CPU
		{FA26AE76-8421-406F-B818-8261E519E6C8}.Release|Mixed Platforms.Build.0 = Release|Any CPU
		{FA26AE76-8421-406F-B818-8261E519E6C8}.Release|x64.ActiveCfg = Release|x64
		{FA26AE76-8421-406F-B818-8261E519E6C8}.Release|x64.Build.0 = Release|x64
		{FA26AE76-8421-406F-B818-8261E519E6C8}.Release|x86.ActiveCfg = Release|x86
		{FA26AE76-8421-406F-B818-8261E519E6C8}.Release|x86.Build.0 = Release|x86
		{8AEDB8ED-BB0F-4256-99D1-C442D1D68D95}.Debug|Any CPU.ActiveCfg = Debug|Any CPU
		{8AEDB8ED-BB0F-4256-99D1-C442D1D68D95}.Debug|Any CPU.Build.0 = Debug|Any CPU
		{8AEDB8ED-BB0F-4256-99D1-C442D1D68D95}.Debug|Mixed Platforms.ActiveCfg = Debug|Any CPU
		{8AEDB8ED-BB0F-4256-99D1-C442D1D68D95}.Debug|Mixed Platforms.Build.0 = Debug|Any CPU
		{8AEDB8ED-BB0F-4256-99D1-C442D1D68D95}.Debug|x64.ActiveCfg = Debug|x64
		{8AEDB8ED-BB0F-4256-99D1-C442D1D68D95}.Debug|x64.Build.0 = Debug|x64
		{8AEDB8ED-BB0F-4256-99D1-C442D1D68D95}.Debug|x86.ActiveCfg = Debug|x86
		{8AEDB8ED-BB0F-4256-99D1-C442D1D68D95}.Debug|x86.Build.0 = Debug|x86
		{8AEDB8ED-BB0F-4256-99D1-C442D1D68D95}.Release|Any CPU.ActiveCfg = Release|Any CPU
		{8AEDB8ED-BB0F-4256-99D1-C442D1D68D95}.Release|Any CPU.Build.0 = Release|Any CPU
		{8AEDB8ED-BB0F-4256-99D1-C442D1D68D95}.Release|Mixed Platforms.ActiveCfg = Release|Any CPU
		{8AEDB8ED-BB0F-4256-99D1-C442D1D68D95}.Release|Mixed Platforms.Build.0 = Release|Any CPU
		{8AEDB8ED-BB0F-4256-99D1-C442D1D68D95}.Release|x64.ActiveCfg = Release|x64
		{8AEDB8ED-BB0F-4256-99D1-C442D1D68D95}.Release|x64.Build.0 = Release|x64
		{8AEDB8ED-BB0F-4256-99D1-C442D1D68D95}.Release|x86.ActiveCfg = Release|x86
		{8AEDB8ED-BB0F-4256-99D1-C442D1D68D95}.Release|x86.Build.0 = Release|x86
		{35F91EF3-A6DE-4BBF-B917-29EF4E0FA8E8}.Debug|Any CPU.ActiveCfg = Debug|Any CPU
		{35F91EF3-A6DE-4BBF-B917-29EF4E0FA8E8}.Debug|Any CPU.Build.0 = Debug|Any CPU
		{35F91EF3-A6DE-4BBF-B917-29EF4E0FA8E8}.Debug|Mixed Platforms.ActiveCfg = Debug|Any CPU
		{35F91EF3-A6DE-4BBF-B917-29EF4E0FA8E8}.Debug|Mixed Platforms.Build.0 = Debug|Any CPU
		{35F91EF3-A6DE-4BBF-B917-29EF4E0FA8E8}.Debug|x64.ActiveCfg = Debug|x64
		{35F91EF3-A6DE-4BBF-B917-29EF4E0FA8E8}.Debug|x64.Build.0 = Debug|x64
		{35F91EF3-A6DE-4BBF-B917-29EF4E0FA8E8}.Debug|x86.ActiveCfg = Debug|x86
		{35F91EF3-A6DE-4BBF-B917-29EF4E0FA8E8}.Debug|x86.Build.0 = Debug|x86
		{35F91EF3-A6DE-4BBF-B917-29EF4E0FA8E8}.Release|Any CPU.ActiveCfg = Release|Any CPU
		{35F91EF3-A6DE-4BBF-B917-29EF4E0FA8E8}.Release|Any CPU.Build.0 = Release|Any CPU
		{35F91EF3-A6DE-4BBF-B917-29EF4E0FA8E8}.Release|Mixed Platforms.ActiveCfg = Release|Any CPU
		{35F91EF3-A6DE-4BBF-B917-29EF4E0FA8E8}.Release|Mixed Platforms.Build.0 = Release|Any CPU
		{35F91EF3-A6DE-4BBF-B917-29EF4E0FA8E8}.Release|x64.ActiveCfg = Release|x64
		{35F91EF3-A6DE-4BBF-B917-29EF4E0FA8E8}.Release|x64.Build.0 = Release|x64
		{35F91EF3-A6DE-4BBF-B917-29EF4E0FA8E8}.Release|x86.ActiveCfg = Release|x86
		{35F91EF3-A6DE-4BBF-B917-29EF4E0FA8E8}.Release|x86.Build.0 = Release|x86
		{3EB902B1-586F-4712-B7BA-BEB7C2EEF4F5}.Debug|Any CPU.ActiveCfg = Debug|Any CPU
		{3EB902B1-586F-4712-B7BA-BEB7C2EEF4F5}.Debug|Any CPU.Build.0 = Debug|Any CPU
		{3EB902B1-586F-4712-B7BA-BEB7C2EEF4F5}.Debug|Mixed Platforms.ActiveCfg = Debug|Any CPU
		{3EB902B1-586F-4712-B7BA-BEB7C2EEF4F5}.Debug|Mixed Platforms.Build.0 = Debug|Any CPU
		{3EB902B1-586F-4712-B7BA-BEB7C2EEF4F5}.Debug|x64.ActiveCfg = Debug|x64
		{3EB902B1-586F-4712-B7BA-BEB7C2EEF4F5}.Debug|x64.Build.0 = Debug|x64
		{3EB902B1-586F-4712-B7BA-BEB7C2EEF4F5}.Debug|x86.ActiveCfg = Debug|x86
		{3EB902B1-586F-4712-B7BA-BEB7C2EEF4F5}.Debug|x86.Build.0 = Debug|x86
		{3EB902B1-586F-4712-B7BA-BEB7C2EEF4F5}.Release|Any CPU.ActiveCfg = Release|Any CPU
		{3EB902B1-586F-4712-B7BA-BEB7C2EEF4F5}.Release|Any CPU.Build.0 = Release|Any CPU
		{3EB902B1-586F-4712-B7BA-BEB7C2EEF4F5}.Release|Mixed Platforms.ActiveCfg = Release|Any CPU
		{3EB902B1-586F-4712-B7BA-BEB7C2EEF4F5}.Release|Mixed Platforms.Build.0 = Release|Any CPU
		{3EB902B1-586F-4712-B7BA-BEB7C2EEF4F5}.Release|x64.ActiveCfg = Release|x64
		{3EB902B1-586F-4712-B7BA-BEB7C2EEF4F5}.Release|x64.Build.0 = Release|x64
		{3EB902B1-586F-4712-B7BA-BEB7C2EEF4F5}.Release|x86.ActiveCfg = Release|x86
		{3EB902B1-586F-4712-B7BA-BEB7C2EEF4F5}.Release|x86.Build.0 = Release|x86
		{6BE4C249-16A0-4E03-ACE5-03C311D4EF66}.Debug|Any CPU.ActiveCfg = Debug|Any CPU
		{6BE4C249-16A0-4E03-ACE5-03C311D4EF66}.Debug|Any CPU.Build.0 = Debug|Any CPU
		{6BE4C249-16A0-4E03-ACE5-03C311D4EF66}.Debug|Mixed Platforms.ActiveCfg = Debug|Any CPU
		{6BE4C249-16A0-4E03-ACE5-03C311D4EF66}.Debug|Mixed Platforms.Build.0 = Debug|Any CPU
		{6BE4C249-16A0-4E03-ACE5-03C311D4EF66}.Debug|x64.ActiveCfg = Debug|x64
		{6BE4C249-16A0-4E03-ACE5-03C311D4EF66}.Debug|x64.Build.0 = Debug|x64
		{6BE4C249-16A0-4E03-ACE5-03C311D4EF66}.Debug|x86.ActiveCfg = Debug|x86
		{6BE4C249-16A0-4E03-ACE5-03C311D4EF66}.Debug|x86.Build.0 = Debug|x86
		{6BE4C249-16A0-4E03-ACE5-03C311D4EF66}.Release|Any CPU.ActiveCfg = Release|Any CPU
		{6BE4C249-16A0-4E03-ACE5-03C311D4EF66}.Release|Any CPU.Build.0 = Release|Any CPU
		{6BE4C249-16A0-4E03-ACE5-03C311D4EF66}.Release|Mixed Platforms.ActiveCfg = Release|Any CPU
		{6BE4C249-16A0-4E03-ACE5-03C311D4EF66}.Release|Mixed Platforms.Build.0 = Release|Any CPU
		{6BE4C249-16A0-4E03-ACE5-03C311D4EF66}.Release|x64.ActiveCfg = Release|x64
		{6BE4C249-16A0-4E03-ACE5-03C311D4EF66}.Release|x64.Build.0 = Release|x64
		{6BE4C249-16A0-4E03-ACE5-03C311D4EF66}.Release|x86.ActiveCfg = Release|x86
		{6BE4C249-16A0-4E03-ACE5-03C311D4EF66}.Release|x86.Build.0 = Release|x86
		{71ACB5E7-F796-4015-8D91-3D3DDEE29A92}.Debug|Any CPU.ActiveCfg = Debug|Any CPU
		{71ACB5E7-F796-4015-8D91-3D3DDEE29A92}.Debug|Any CPU.Build.0 = Debug|Any CPU
		{71ACB5E7-F796-4015-8D91-3D3DDEE29A92}.Debug|Mixed Platforms.ActiveCfg = Debug|Any CPU
		{71ACB5E7-F796-4015-8D91-3D3DDEE29A92}.Debug|Mixed Platforms.Build.0 = Debug|Any CPU
		{71ACB5E7-F796-4015-8D91-3D3DDEE29A92}.Debug|x64.ActiveCfg = Debug|x64
		{71ACB5E7-F796-4015-8D91-3D3DDEE29A92}.Debug|x64.Build.0 = Debug|x64
		{71ACB5E7-F796-4015-8D91-3D3DDEE29A92}.Debug|x86.ActiveCfg = Debug|x86
		{71ACB5E7-F796-4015-8D91-3D3DDEE29A92}.Debug|x86.Build.0 = Debug|x86
		{71ACB5E7-F796-4015-8D91-3D3DDEE29A92}.Release|Any CPU.ActiveCfg = Release|Any CPU
		{71ACB5E7-F796-4015-8D91-3D3DDEE29A92}.Release|Any CPU.Build.0 = Release|Any CPU
		{71ACB5E7-F796-4015-8D91-3D3DDEE29A92}.Release|Mixed Platforms.ActiveCfg = Release|Any CPU
		{71ACB5E7-F796-4015-8D91-3D3DDEE29A92}.Release|Mixed Platforms.Build.0 = Release|Any CPU
		{71ACB5E7-F796-4015-8D91-3D3DDEE29A92}.Release|x64.ActiveCfg = Release|x64
		{71ACB5E7-F796-4015-8D91-3D3DDEE29A92}.Release|x64.Build.0 = Release|x64
		{71ACB5E7-F796-4015-8D91-3D3DDEE29A92}.Release|x86.ActiveCfg = Release|x86
		{71ACB5E7-F796-4015-8D91-3D3DDEE29A92}.Release|x86.Build.0 = Release|x86
		{3A2DCC0F-7748-47F8-9420-451C6738C33C}.Debug|Any CPU.ActiveCfg = Debug|Any CPU
		{3A2DCC0F-7748-47F8-9420-451C6738C33C}.Debug|Any CPU.Build.0 = Debug|Any CPU
		{3A2DCC0F-7748-47F8-9420-451C6738C33C}.Debug|Mixed Platforms.ActiveCfg = Debug|Any CPU
		{3A2DCC0F-7748-47F8-9420-451C6738C33C}.Debug|Mixed Platforms.Build.0 = Debug|Any CPU
		{3A2DCC0F-7748-47F8-9420-451C6738C33C}.Debug|x64.ActiveCfg = Debug|x64
		{3A2DCC0F-7748-47F8-9420-451C6738C33C}.Debug|x64.Build.0 = Debug|x64
		{3A2DCC0F-7748-47F8-9420-451C6738C33C}.Debug|x86.ActiveCfg = Debug|x86
		{3A2DCC0F-7748-47F8-9420-451C6738C33C}.Debug|x86.Build.0 = Debug|x86
		{3A2DCC0F-7748-47F8-9420-451C6738C33C}.Release|Any CPU.ActiveCfg = Release|Any CPU
		{3A2DCC0F-7748-47F8-9420-451C6738C33C}.Release|Any CPU.Build.0 = Release|Any CPU
		{3A2DCC0F-7748-47F8-9420-451C6738C33C}.Release|Mixed Platforms.ActiveCfg = Release|Any CPU
		{3A2DCC0F-7748-47F8-9420-451C6738C33C}.Release|Mixed Platforms.Build.0 = Release|Any CPU
		{3A2DCC0F-7748-47F8-9420-451C6738C33C}.Release|x64.ActiveCfg = Release|x64
		{3A2DCC0F-7748-47F8-9420-451C6738C33C}.Release|x64.Build.0 = Release|x64
		{3A2DCC0F-7748-47F8-9420-451C6738C33C}.Release|x86.ActiveCfg = Release|x86
		{3A2DCC0F-7748-47F8-9420-451C6738C33C}.Release|x86.Build.0 = Release|x86
		{419FBA7E-F1FD-4F20-8E71-67A3A6E3CF2E}.Debug|Any CPU.ActiveCfg = Debug|Any CPU
		{419FBA7E-F1FD-4F20-8E71-67A3A6E3CF2E}.Debug|Any CPU.Build.0 = Debug|Any CPU
		{419FBA7E-F1FD-4F20-8E71-67A3A6E3CF2E}.Debug|Mixed Platforms.ActiveCfg = Debug|Any CPU
		{419FBA7E-F1FD-4F20-8E71-67A3A6E3CF2E}.Debug|Mixed Platforms.Build.0 = Debug|Any CPU
		{419FBA7E-F1FD-4F20-8E71-67A3A6E3CF2E}.Debug|x64.ActiveCfg = Debug|x64
		{419FBA7E-F1FD-4F20-8E71-67A3A6E3CF2E}.Debug|x64.Build.0 = Debug|x64
		{419FBA7E-F1FD-4F20-8E71-67A3A6E3CF2E}.Debug|x86.ActiveCfg = Debug|x86
		{419FBA7E-F1FD-4F20-8E71-67A3A6E3CF2E}.Debug|x86.Build.0 = Debug|x86
		{419FBA7E-F1FD-4F20-8E71-67A3A6E3CF2E}.Release|Any CPU.ActiveCfg = Release|Any CPU
		{419FBA7E-F1FD-4F20-8E71-67A3A6E3CF2E}.Release|Any CPU.Build.0 = Release|Any CPU
		{419FBA7E-F1FD-4F20-8E71-67A3A6E3CF2E}.Release|Mixed Platforms.ActiveCfg = Release|Any CPU
		{419FBA7E-F1FD-4F20-8E71-67A3A6E3CF2E}.Release|Mixed Platforms.Build.0 = Release|Any CPU
		{419FBA7E-F1FD-4F20-8E71-67A3A6E3CF2E}.Release|x64.ActiveCfg = Release|x64
		{419FBA7E-F1FD-4F20-8E71-67A3A6E3CF2E}.Release|x64.Build.0 = Release|x64
		{419FBA7E-F1FD-4F20-8E71-67A3A6E3CF2E}.Release|x86.ActiveCfg = Release|x86
		{419FBA7E-F1FD-4F20-8E71-67A3A6E3CF2E}.Release|x86.Build.0 = Release|x86
		{2F888C51-5A37-4841-ACE5-C3B6D038A4B2}.Debug|Any CPU.ActiveCfg = Debug|Any CPU
		{2F888C51-5A37-4841-ACE5-C3B6D038A4B2}.Debug|Any CPU.Build.0 = Debug|Any CPU
		{2F888C51-5A37-4841-ACE5-C3B6D038A4B2}.Debug|Mixed Platforms.ActiveCfg = Debug|Any CPU
		{2F888C51-5A37-4841-ACE5-C3B6D038A4B2}.Debug|Mixed Platforms.Build.0 = Debug|Any CPU
		{2F888C51-5A37-4841-ACE5-C3B6D038A4B2}.Debug|x64.ActiveCfg = Debug|x64
		{2F888C51-5A37-4841-ACE5-C3B6D038A4B2}.Debug|x64.Build.0 = Debug|x64
		{2F888C51-5A37-4841-ACE5-C3B6D038A4B2}.Debug|x86.ActiveCfg = Debug|x86
		{2F888C51-5A37-4841-ACE5-C3B6D038A4B2}.Debug|x86.Build.0 = Debug|x86
		{2F888C51-5A37-4841-ACE5-C3B6D038A4B2}.Release|Any CPU.ActiveCfg = Release|Any CPU
		{2F888C51-5A37-4841-ACE5-C3B6D038A4B2}.Release|Any CPU.Build.0 = Release|Any CPU
		{2F888C51-5A37-4841-ACE5-C3B6D038A4B2}.Release|Mixed Platforms.ActiveCfg = Release|Any CPU
		{2F888C51-5A37-4841-ACE5-C3B6D038A4B2}.Release|Mixed Platforms.Build.0 = Release|Any CPU
		{2F888C51-5A37-4841-ACE5-C3B6D038A4B2}.Release|x64.ActiveCfg = Release|x64
		{2F888C51-5A37-4841-ACE5-C3B6D038A4B2}.Release|x64.Build.0 = Release|x64
		{2F888C51-5A37-4841-ACE5-C3B6D038A4B2}.Release|x86.ActiveCfg = Release|x86
		{2F888C51-5A37-4841-ACE5-C3B6D038A4B2}.Release|x86.Build.0 = Release|x86
		{086F95C7-96E0-417F-8D55-D36A1B182D77}.Debug|Any CPU.ActiveCfg = Debug|Any CPU
		{086F95C7-96E0-417F-8D55-D36A1B182D77}.Debug|Any CPU.Build.0 = Debug|Any CPU
		{086F95C7-96E0-417F-8D55-D36A1B182D77}.Debug|Mixed Platforms.ActiveCfg = Debug|Any CPU
		{086F95C7-96E0-417F-8D55-D36A1B182D77}.Debug|Mixed Platforms.Build.0 = Debug|Any CPU
		{086F95C7-96E0-417F-8D55-D36A1B182D77}.Debug|x64.ActiveCfg = Debug|x64
		{086F95C7-96E0-417F-8D55-D36A1B182D77}.Debug|x64.Build.0 = Debug|x64
		{086F95C7-96E0-417F-8D55-D36A1B182D77}.Debug|x86.ActiveCfg = Debug|x86
		{086F95C7-96E0-417F-8D55-D36A1B182D77}.Debug|x86.Build.0 = Debug|x86
		{086F95C7-96E0-417F-8D55-D36A1B182D77}.Release|Any CPU.ActiveCfg = Release|Any CPU
		{086F95C7-96E0-417F-8D55-D36A1B182D77}.Release|Any CPU.Build.0 = Release|Any CPU
		{086F95C7-96E0-417F-8D55-D36A1B182D77}.Release|Mixed Platforms.ActiveCfg = Release|Any CPU
		{086F95C7-96E0-417F-8D55-D36A1B182D77}.Release|Mixed Platforms.Build.0 = Release|Any CPU
		{086F95C7-96E0-417F-8D55-D36A1B182D77}.Release|x64.ActiveCfg = Release|x64
		{086F95C7-96E0-417F-8D55-D36A1B182D77}.Release|x64.Build.0 = Release|x64
		{086F95C7-96E0-417F-8D55-D36A1B182D77}.Release|x86.ActiveCfg = Release|x86
		{086F95C7-96E0-417F-8D55-D36A1B182D77}.Release|x86.Build.0 = Release|x86
		{DA83255F-E84C-46F5-B701-52D4A34E5B34}.Debug|Any CPU.ActiveCfg = Debug|Any CPU
		{DA83255F-E84C-46F5-B701-52D4A34E5B34}.Debug|Any CPU.Build.0 = Debug|Any CPU
		{DA83255F-E84C-46F5-B701-52D4A34E5B34}.Debug|Mixed Platforms.ActiveCfg = Debug|Any CPU
		{DA83255F-E84C-46F5-B701-52D4A34E5B34}.Debug|Mixed Platforms.Build.0 = Debug|Any CPU
		{DA83255F-E84C-46F5-B701-52D4A34E5B34}.Debug|x64.ActiveCfg = Debug|x64
		{DA83255F-E84C-46F5-B701-52D4A34E5B34}.Debug|x64.Build.0 = Debug|x64
		{DA83255F-E84C-46F5-B701-52D4A34E5B34}.Debug|x86.ActiveCfg = Debug|x86
		{DA83255F-E84C-46F5-B701-52D4A34E5B34}.Debug|x86.Build.0 = Debug|x86
		{DA83255F-E84C-46F5-B701-52D4A34E5B34}.Release|Any CPU.ActiveCfg = Release|Any CPU
		{DA83255F-E84C-46F5-B701-52D4A34E5B34}.Release|Any CPU.Build.0 = Release|Any CPU
		{DA83255F-E84C-46F5-B701-52D4A34E5B34}.Release|Mixed Platforms.ActiveCfg = Release|Any CPU
		{DA83255F-E84C-46F5-B701-52D4A34E5B34}.Release|Mixed Platforms.Build.0 = Release|Any CPU
		{DA83255F-E84C-46F5-B701-52D4A34E5B34}.Release|x64.ActiveCfg = Release|x64
		{DA83255F-E84C-46F5-B701-52D4A34E5B34}.Release|x64.Build.0 = Release|x64
		{DA83255F-E84C-46F5-B701-52D4A34E5B34}.Release|x86.ActiveCfg = Release|x86
		{DA83255F-E84C-46F5-B701-52D4A34E5B34}.Release|x86.Build.0 = Release|x86
		{A27E5CBA-A2C4-406A-847F-3A80BC5C12B8}.Debug|Any CPU.ActiveCfg = Debug|Any CPU
		{A27E5CBA-A2C4-406A-847F-3A80BC5C12B8}.Debug|Any CPU.Build.0 = Debug|Any CPU
		{A27E5CBA-A2C4-406A-847F-3A80BC5C12B8}.Debug|Mixed Platforms.ActiveCfg = Debug|Any CPU
		{A27E5CBA-A2C4-406A-847F-3A80BC5C12B8}.Debug|Mixed Platforms.Build.0 = Debug|Any CPU
		{A27E5CBA-A2C4-406A-847F-3A80BC5C12B8}.Debug|x64.ActiveCfg = Debug|x64
		{A27E5CBA-A2C4-406A-847F-3A80BC5C12B8}.Debug|x64.Build.0 = Debug|x64
		{A27E5CBA-A2C4-406A-847F-3A80BC5C12B8}.Debug|x86.ActiveCfg = Debug|x86
		{A27E5CBA-A2C4-406A-847F-3A80BC5C12B8}.Debug|x86.Build.0 = Debug|x86
		{A27E5CBA-A2C4-406A-847F-3A80BC5C12B8}.Release|Any CPU.ActiveCfg = Release|Any CPU
		{A27E5CBA-A2C4-406A-847F-3A80BC5C12B8}.Release|Any CPU.Build.0 = Release|Any CPU
		{A27E5CBA-A2C4-406A-847F-3A80BC5C12B8}.Release|Mixed Platforms.ActiveCfg = Release|Any CPU
		{A27E5CBA-A2C4-406A-847F-3A80BC5C12B8}.Release|Mixed Platforms.Build.0 = Release|Any CPU
		{A27E5CBA-A2C4-406A-847F-3A80BC5C12B8}.Release|x64.ActiveCfg = Release|x64
		{A27E5CBA-A2C4-406A-847F-3A80BC5C12B8}.Release|x64.Build.0 = Release|x64
		{A27E5CBA-A2C4-406A-847F-3A80BC5C12B8}.Release|x86.ActiveCfg = Release|x86
		{A27E5CBA-A2C4-406A-847F-3A80BC5C12B8}.Release|x86.Build.0 = Release|x86
		{A52DFB9F-4492-4E54-9CA3-50744EAA4A50}.Debug|Any CPU.ActiveCfg = Debug|Any CPU
		{A52DFB9F-4492-4E54-9CA3-50744EAA4A50}.Debug|Any CPU.Build.0 = Debug|Any CPU
		{A52DFB9F-4492-4E54-9CA3-50744EAA4A50}.Debug|Mixed Platforms.ActiveCfg = Debug|Any CPU
		{A52DFB9F-4492-4E54-9CA3-50744EAA4A50}.Debug|Mixed Platforms.Build.0 = Debug|Any CPU
		{A52DFB9F-4492-4E54-9CA3-50744EAA4A50}.Debug|x64.ActiveCfg = Debug|x64
		{A52DFB9F-4492-4E54-9CA3-50744EAA4A50}.Debug|x64.Build.0 = Debug|x64
		{A52DFB9F-4492-4E54-9CA3-50744EAA4A50}.Debug|x86.ActiveCfg = Debug|x86
		{A52DFB9F-4492-4E54-9CA3-50744EAA4A50}.Debug|x86.Build.0 = Debug|x86
		{A52DFB9F-4492-4E54-9CA3-50744EAA4A50}.Release|Any CPU.ActiveCfg = Release|Any CPU
		{A52DFB9F-4492-4E54-9CA3-50744EAA4A50}.Release|Any CPU.Build.0 = Release|Any CPU
		{A52DFB9F-4492-4E54-9CA3-50744EAA4A50}.Release|Mixed Platforms.ActiveCfg = Release|Any CPU
		{A52DFB9F-4492-4E54-9CA3-50744EAA4A50}.Release|Mixed Platforms.Build.0 = Release|Any CPU
		{A52DFB9F-4492-4E54-9CA3-50744EAA4A50}.Release|x64.ActiveCfg = Release|x64
		{A52DFB9F-4492-4E54-9CA3-50744EAA4A50}.Release|x64.Build.0 = Release|x64
		{A52DFB9F-4492-4E54-9CA3-50744EAA4A50}.Release|x86.ActiveCfg = Release|x86
		{A52DFB9F-4492-4E54-9CA3-50744EAA4A50}.Release|x86.Build.0 = Release|x86
		{DA6D41EF-3DB8-49E7-951B-9DCEDF72C7E2}.Debug|Any CPU.ActiveCfg = Debug|Any CPU
		{DA6D41EF-3DB8-49E7-951B-9DCEDF72C7E2}.Debug|Any CPU.Build.0 = Debug|Any CPU
		{DA6D41EF-3DB8-49E7-951B-9DCEDF72C7E2}.Debug|Mixed Platforms.ActiveCfg = Debug|Any CPU
		{DA6D41EF-3DB8-49E7-951B-9DCEDF72C7E2}.Debug|Mixed Platforms.Build.0 = Debug|Any CPU
		{DA6D41EF-3DB8-49E7-951B-9DCEDF72C7E2}.Debug|x64.ActiveCfg = Debug|x64
		{DA6D41EF-3DB8-49E7-951B-9DCEDF72C7E2}.Debug|x64.Build.0 = Debug|x64
		{DA6D41EF-3DB8-49E7-951B-9DCEDF72C7E2}.Debug|x86.ActiveCfg = Debug|x86
		{DA6D41EF-3DB8-49E7-951B-9DCEDF72C7E2}.Debug|x86.Build.0 = Debug|x86
		{DA6D41EF-3DB8-49E7-951B-9DCEDF72C7E2}.Release|Any CPU.ActiveCfg = Release|Any CPU
		{DA6D41EF-3DB8-49E7-951B-9DCEDF72C7E2}.Release|Any CPU.Build.0 = Release|Any CPU
		{DA6D41EF-3DB8-49E7-951B-9DCEDF72C7E2}.Release|Mixed Platforms.ActiveCfg = Release|Any CPU
		{DA6D41EF-3DB8-49E7-951B-9DCEDF72C7E2}.Release|Mixed Platforms.Build.0 = Release|Any CPU
		{DA6D41EF-3DB8-49E7-951B-9DCEDF72C7E2}.Release|x64.ActiveCfg = Release|x64
		{DA6D41EF-3DB8-49E7-951B-9DCEDF72C7E2}.Release|x64.Build.0 = Release|x64
		{DA6D41EF-3DB8-49E7-951B-9DCEDF72C7E2}.Release|x86.ActiveCfg = Release|x86
		{DA6D41EF-3DB8-49E7-951B-9DCEDF72C7E2}.Release|x86.Build.0 = Release|x86
		{C3FE5354-C56A-49A9-94E8-060C1E82E426}.Debug|Any CPU.ActiveCfg = Debug|Any CPU
		{C3FE5354-C56A-49A9-94E8-060C1E82E426}.Debug|Any CPU.Build.0 = Debug|Any CPU
		{C3FE5354-C56A-49A9-94E8-060C1E82E426}.Debug|Mixed Platforms.ActiveCfg = Debug|Any CPU
		{C3FE5354-C56A-49A9-94E8-060C1E82E426}.Debug|Mixed Platforms.Build.0 = Debug|Any CPU
		{C3FE5354-C56A-49A9-94E8-060C1E82E426}.Debug|x64.ActiveCfg = Debug|x64
		{C3FE5354-C56A-49A9-94E8-060C1E82E426}.Debug|x64.Build.0 = Debug|x64
		{C3FE5354-C56A-49A9-94E8-060C1E82E426}.Debug|x86.ActiveCfg = Debug|x86
		{C3FE5354-C56A-49A9-94E8-060C1E82E426}.Debug|x86.Build.0 = Debug|x86
		{C3FE5354-C56A-49A9-94E8-060C1E82E426}.Release|Any CPU.ActiveCfg = Release|Any CPU
		{C3FE5354-C56A-49A9-94E8-060C1E82E426}.Release|Any CPU.Build.0 = Release|Any CPU
		{C3FE5354-C56A-49A9-94E8-060C1E82E426}.Release|Mixed Platforms.ActiveCfg = Release|Any CPU
		{C3FE5354-C56A-49A9-94E8-060C1E82E426}.Release|Mixed Platforms.Build.0 = Release|Any CPU
		{C3FE5354-C56A-49A9-94E8-060C1E82E426}.Release|x64.ActiveCfg = Release|x64
		{C3FE5354-C56A-49A9-94E8-060C1E82E426}.Release|x64.Build.0 = Release|x64
		{C3FE5354-C56A-49A9-94E8-060C1E82E426}.Release|x86.ActiveCfg = Release|x86
		{C3FE5354-C56A-49A9-94E8-060C1E82E426}.Release|x86.Build.0 = Release|x86
		{D7084A5C-4618-4331-8CF8-93BF09EEE1A2}.Debug|Any CPU.ActiveCfg = Debug|Any CPU
		{D7084A5C-4618-4331-8CF8-93BF09EEE1A2}.Debug|Any CPU.Build.0 = Debug|Any CPU
		{D7084A5C-4618-4331-8CF8-93BF09EEE1A2}.Debug|Mixed Platforms.ActiveCfg = Debug|Any CPU
		{D7084A5C-4618-4331-8CF8-93BF09EEE1A2}.Debug|Mixed Platforms.Build.0 = Debug|Any CPU
		{D7084A5C-4618-4331-8CF8-93BF09EEE1A2}.Debug|x64.ActiveCfg = Debug|x64
		{D7084A5C-4618-4331-8CF8-93BF09EEE1A2}.Debug|x64.Build.0 = Debug|x64
		{D7084A5C-4618-4331-8CF8-93BF09EEE1A2}.Debug|x86.ActiveCfg = Debug|x86
		{D7084A5C-4618-4331-8CF8-93BF09EEE1A2}.Debug|x86.Build.0 = Debug|x86
		{D7084A5C-4618-4331-8CF8-93BF09EEE1A2}.Release|Any CPU.ActiveCfg = Release|Any CPU
		{D7084A5C-4618-4331-8CF8-93BF09EEE1A2}.Release|Any CPU.Build.0 = Release|Any CPU
		{D7084A5C-4618-4331-8CF8-93BF09EEE1A2}.Release|Mixed Platforms.ActiveCfg = Release|Any CPU
		{D7084A5C-4618-4331-8CF8-93BF09EEE1A2}.Release|Mixed Platforms.Build.0 = Release|Any CPU
		{D7084A5C-4618-4331-8CF8-93BF09EEE1A2}.Release|x64.ActiveCfg = Release|x64
		{D7084A5C-4618-4331-8CF8-93BF09EEE1A2}.Release|x64.Build.0 = Release|x64
		{D7084A5C-4618-4331-8CF8-93BF09EEE1A2}.Release|x86.ActiveCfg = Release|x86
		{D7084A5C-4618-4331-8CF8-93BF09EEE1A2}.Release|x86.Build.0 = Release|x86
		{ECB02F1E-2CB5-4620-B4D9-74CAEEF0E1EA}.Debug|Any CPU.ActiveCfg = Debug|Any CPU
		{ECB02F1E-2CB5-4620-B4D9-74CAEEF0E1EA}.Debug|Any CPU.Build.0 = Debug|Any CPU
		{ECB02F1E-2CB5-4620-B4D9-74CAEEF0E1EA}.Debug|Mixed Platforms.ActiveCfg = Debug|Any CPU
		{ECB02F1E-2CB5-4620-B4D9-74CAEEF0E1EA}.Debug|Mixed Platforms.Build.0 = Debug|Any CPU
		{ECB02F1E-2CB5-4620-B4D9-74CAEEF0E1EA}.Debug|x64.ActiveCfg = Debug|x64
		{ECB02F1E-2CB5-4620-B4D9-74CAEEF0E1EA}.Debug|x64.Build.0 = Debug|x64
		{ECB02F1E-2CB5-4620-B4D9-74CAEEF0E1EA}.Debug|x86.ActiveCfg = Debug|x86
		{ECB02F1E-2CB5-4620-B4D9-74CAEEF0E1EA}.Debug|x86.Build.0 = Debug|x86
		{ECB02F1E-2CB5-4620-B4D9-74CAEEF0E1EA}.Release|Any CPU.ActiveCfg = Release|Any CPU
		{ECB02F1E-2CB5-4620-B4D9-74CAEEF0E1EA}.Release|Any CPU.Build.0 = Release|Any CPU
		{ECB02F1E-2CB5-4620-B4D9-74CAEEF0E1EA}.Release|Mixed Platforms.ActiveCfg = Release|Any CPU
		{ECB02F1E-2CB5-4620-B4D9-74CAEEF0E1EA}.Release|Mixed Platforms.Build.0 = Release|Any CPU
		{ECB02F1E-2CB5-4620-B4D9-74CAEEF0E1EA}.Release|x64.ActiveCfg = Release|x64
		{ECB02F1E-2CB5-4620-B4D9-74CAEEF0E1EA}.Release|x64.Build.0 = Release|x64
		{ECB02F1E-2CB5-4620-B4D9-74CAEEF0E1EA}.Release|x86.ActiveCfg = Release|x86
		{ECB02F1E-2CB5-4620-B4D9-74CAEEF0E1EA}.Release|x86.Build.0 = Release|x86
		{D6C3C14D-C22C-487E-B3D1-3594BF329773}.Debug|Any CPU.ActiveCfg = Debug|Any CPU
		{D6C3C14D-C22C-487E-B3D1-3594BF329773}.Debug|Any CPU.Build.0 = Debug|Any CPU
		{D6C3C14D-C22C-487E-B3D1-3594BF329773}.Debug|Mixed Platforms.ActiveCfg = Debug|Any CPU
		{D6C3C14D-C22C-487E-B3D1-3594BF329773}.Debug|Mixed Platforms.Build.0 = Debug|Any CPU
		{D6C3C14D-C22C-487E-B3D1-3594BF329773}.Debug|x64.ActiveCfg = Debug|x64
		{D6C3C14D-C22C-487E-B3D1-3594BF329773}.Debug|x64.Build.0 = Debug|x64
		{D6C3C14D-C22C-487E-B3D1-3594BF329773}.Debug|x86.ActiveCfg = Debug|x86
		{D6C3C14D-C22C-487E-B3D1-3594BF329773}.Debug|x86.Build.0 = Debug|x86
		{D6C3C14D-C22C-487E-B3D1-3594BF329773}.Release|Any CPU.ActiveCfg = Release|Any CPU
		{D6C3C14D-C22C-487E-B3D1-3594BF329773}.Release|Any CPU.Build.0 = Release|Any CPU
		{D6C3C14D-C22C-487E-B3D1-3594BF329773}.Release|Mixed Platforms.ActiveCfg = Release|Any CPU
		{D6C3C14D-C22C-487E-B3D1-3594BF329773}.Release|Mixed Platforms.Build.0 = Release|Any CPU
		{D6C3C14D-C22C-487E-B3D1-3594BF329773}.Release|x64.ActiveCfg = Release|x64
		{D6C3C14D-C22C-487E-B3D1-3594BF329773}.Release|x64.Build.0 = Release|x64
		{D6C3C14D-C22C-487E-B3D1-3594BF329773}.Release|x86.ActiveCfg = Release|x86
		{D6C3C14D-C22C-487E-B3D1-3594BF329773}.Release|x86.Build.0 = Release|x86
		{3D8B8E45-EF5D-4FCB-A124-2C48BF3B74D3}.Debug|Any CPU.ActiveCfg = Debug|Any CPU
		{3D8B8E45-EF5D-4FCB-A124-2C48BF3B74D3}.Debug|Any CPU.Build.0 = Debug|Any CPU
		{3D8B8E45-EF5D-4FCB-A124-2C48BF3B74D3}.Debug|Mixed Platforms.ActiveCfg = Debug|Any CPU
		{3D8B8E45-EF5D-4FCB-A124-2C48BF3B74D3}.Debug|Mixed Platforms.Build.0 = Debug|Any CPU
		{3D8B8E45-EF5D-4FCB-A124-2C48BF3B74D3}.Debug|x64.ActiveCfg = Debug|x64
		{3D8B8E45-EF5D-4FCB-A124-2C48BF3B74D3}.Debug|x64.Build.0 = Debug|x64
		{3D8B8E45-EF5D-4FCB-A124-2C48BF3B74D3}.Debug|x86.ActiveCfg = Debug|x86
		{3D8B8E45-EF5D-4FCB-A124-2C48BF3B74D3}.Debug|x86.Build.0 = Debug|x86
		{3D8B8E45-EF5D-4FCB-A124-2C48BF3B74D3}.Release|Any CPU.ActiveCfg = Release|Any CPU
		{3D8B8E45-EF5D-4FCB-A124-2C48BF3B74D3}.Release|Any CPU.Build.0 = Release|Any CPU
		{3D8B8E45-EF5D-4FCB-A124-2C48BF3B74D3}.Release|Mixed Platforms.ActiveCfg = Release|Any CPU
		{3D8B8E45-EF5D-4FCB-A124-2C48BF3B74D3}.Release|Mixed Platforms.Build.0 = Release|Any CPU
		{3D8B8E45-EF5D-4FCB-A124-2C48BF3B74D3}.Release|x64.ActiveCfg = Release|x64
		{3D8B8E45-EF5D-4FCB-A124-2C48BF3B74D3}.Release|x64.Build.0 = Release|x64
		{3D8B8E45-EF5D-4FCB-A124-2C48BF3B74D3}.Release|x86.ActiveCfg = Release|x86
		{3D8B8E45-EF5D-4FCB-A124-2C48BF3B74D3}.Release|x86.Build.0 = Release|x86
		{0AFDF43D-D0D9-43B5-A3AD-8B9A9E936695}.Debug|Any CPU.ActiveCfg = Debug|Any CPU
		{0AFDF43D-D0D9-43B5-A3AD-8B9A9E936695}.Debug|Any CPU.Build.0 = Debug|Any CPU
		{0AFDF43D-D0D9-43B5-A3AD-8B9A9E936695}.Debug|Mixed Platforms.ActiveCfg = Debug|Any CPU
		{0AFDF43D-D0D9-43B5-A3AD-8B9A9E936695}.Debug|Mixed Platforms.Build.0 = Debug|Any CPU
		{0AFDF43D-D0D9-43B5-A3AD-8B9A9E936695}.Debug|x64.ActiveCfg = Debug|x64
		{0AFDF43D-D0D9-43B5-A3AD-8B9A9E936695}.Debug|x64.Build.0 = Debug|x64
		{0AFDF43D-D0D9-43B5-A3AD-8B9A9E936695}.Debug|x86.ActiveCfg = Debug|x86
		{0AFDF43D-D0D9-43B5-A3AD-8B9A9E936695}.Debug|x86.Build.0 = Debug|x86
		{0AFDF43D-D0D9-43B5-A3AD-8B9A9E936695}.Release|Any CPU.ActiveCfg = Release|Any CPU
		{0AFDF43D-D0D9-43B5-A3AD-8B9A9E936695}.Release|Any CPU.Build.0 = Release|Any CPU
		{0AFDF43D-D0D9-43B5-A3AD-8B9A9E936695}.Release|Mixed Platforms.ActiveCfg = Release|Any CPU
		{0AFDF43D-D0D9-43B5-A3AD-8B9A9E936695}.Release|Mixed Platforms.Build.0 = Release|Any CPU
		{0AFDF43D-D0D9-43B5-A3AD-8B9A9E936695}.Release|x64.ActiveCfg = Release|x64
		{0AFDF43D-D0D9-43B5-A3AD-8B9A9E936695}.Release|x64.Build.0 = Release|x64
		{0AFDF43D-D0D9-43B5-A3AD-8B9A9E936695}.Release|x86.ActiveCfg = Release|x86
		{0AFDF43D-D0D9-43B5-A3AD-8B9A9E936695}.Release|x86.Build.0 = Release|x86
	EndGlobalSection
	GlobalSection(SolutionProperties) = preSolution
		HideSolutionNode = FALSE
	EndGlobalSection
	GlobalSection(Performance) = preSolution
		HasPerformanceSessions = true
	EndGlobalSection
EndGlobal
